github.com/buger/goterm v1.0.4 h1:Z9YvGmOih81P0FbVtEYTFF6YsSgxSUKEhf/f9bTMXbY=
github.com/buger/goterm v1.0.4/go.mod h1:HiFWV3xnkolgrBV3mY8m0X0Pumt4zg4QhbdOzQtB8tE=
github.com/corona10/goimagehash v1.0.3 h1:NZM518aKLmoNluluhfHGxT3LGOnrojrxhGn63DR/CZA=
github.com/corona10/goimagehash v1.0.3/go.mod h1:VkvE0mLn84L4aF8vCb6mafVajEb6QYMHl2ZJLn0mOGI=
github.com/corona10/goimagehash v1.1.0 h1:teNMX/1e+Wn/AYSbLHX8mj+mF9r60R1kBeqE9MkoYwI=
github.com/corona10/goimagehash v1.1.0/go.mod h1:VkvE0mLn84L4aF8vCb6mafVajEb6QYMHl2ZJLn0mOGI=
github.com/deckarep/golang-set v1.8.0 h1:sk9/l/KqpunDwP7pSjUg0keiOOLEnOBHzykLrsPppp4=
github.com/deckarep/golang-set v1.8.0/go.mod h1:5nI87KwE7wgsBU1F4GKAw2Qod7p5kyS383rP6+o6qqo=
github.com/masatana/go-textdistance v0.0.0-20191005053614-738b0edac985 h1:Pz8zZjVRvKxISYimNzLGnzSNl5hYXFSN80FPQ+qt1HE=
github.com/masatana/go-textdistance v0.0.0-20191005053614-738b0edac985/go.mod h1:1nU7rI+iBPtzc9ZKOqeQacD290rA0wcJLu5AtOSBBPw=
github.com/nfnt/resize v0.0.0-20180221191011-83c6a9932646 h1:zYyBkD/k9seD2A7fsi6Oo2LfFZAehjjQMERAvZLEDnQ=
github.com/nfnt/resize v0.0.0-20180221191011-83c6a9932646/go.mod h1:jpp1/29i3P1S/RLdc7JQKbRpFeM1dOBd8T9ki5s+AY8=
golang.org/x/sys v0.0.0-20210331175145-43e1dd70ce54 h1:rF3Ohx8DRyl8h2zw9qojyLHLhrJpEMgyPOImREEryf0=
golang.org/x/sys v0.0.0-20210331175145-43e1dd70ce54/go.mod h1:h1NjWce9XRLGQEsW7wpKNCjG9DtNlClVuFLEZdDNbEs=
